// !$*UTF8*$!
{
	archiveVersion = 1;
	classes = {
	};
	objectVersion = 46;
	objects = {

/* Begin PBXBuildFile section */
		EF45B99318FCBF0000B4F955 /* Foundation.framework in Frameworks */ = {isa = PBXBuildFile; fileRef = EF45B99218FCBF0000B4F955 /* Foundation.framework */; };
		EF45B99518FCBF0000B4F955 /* CoreGraphics.framework in Frameworks */ = {isa = PBXBuildFile; fileRef = EF45B99418FCBF0000B4F955 /* CoreGraphics.framework */; };
		EF45B99718FCBF0000B4F955 /* UIKit.framework in Frameworks */ = {isa = PBXBuildFile; fileRef = EF45B99618FCBF0000B4F955 /* UIKit.framework */; };
		EF45B99D18FCBF0000B4F955 /* InfoPlist.strings in Resources */ = {isa = PBXBuildFile; fileRef = EF45B99B18FCBF0000B4F955 /* InfoPlist.strings */; };
		EF45B99F18FCBF0000B4F955 /* main.m in Sources */ = {isa = PBXBuildFile; fileRef = EF45B99E18FCBF0000B4F955 /* main.m */; };
		EF45B9A318FCBF0000B4F955 /* AppDelegate.m in Sources */ = {isa = PBXBuildFile; fileRef = EF45B9A218FCBF0000B4F955 /* AppDelegate.m */; };
		EF45B9A618FCBF0000B4F955 /* Main.storyboard in Resources */ = {isa = PBXBuildFile; fileRef = EF45B9A418FCBF0000B4F955 /* Main.storyboard */; };
		EF45B9AB18FCBF0000B4F955 /* Images.xcassets in Resources */ = {isa = PBXBuildFile; fileRef = EF45B9AA18FCBF0000B4F955 /* Images.xcassets */; };
		EF45B9B218FCBF0000B4F955 /* XCTest.framework in Frameworks */ = {isa = PBXBuildFile; fileRef = EF45B9B118FCBF0000B4F955 /* XCTest.framework */; };
		EF45B9B318FCBF0000B4F955 /* Foundation.framework in Frameworks */ = {isa = PBXBuildFile; fileRef = EF45B99218FCBF0000B4F955 /* Foundation.framework */; };
		EF45B9B418FCBF0000B4F955 /* UIKit.framework in Frameworks */ = {isa = PBXBuildFile; fileRef = EF45B99618FCBF0000B4F955 /* UIKit.framework */; };
		EF45B9BC18FCBF0000B4F955 /* InfoPlist.strings in Resources */ = {isa = PBXBuildFile; fileRef = EF45B9BA18FCBF0000B4F955 /* InfoPlist.strings */; };
		EF45B9BE18FCBF0000B4F955 /* TabTests.m in Sources */ = {isa = PBXBuildFile; fileRef = EF45B9BD18FCBF0000B4F955 /* TabTests.m */; };
		EF45B9C918FCC7CF00B4F955 /* icon01@2x.png in Resources */ = {isa = PBXBuildFile; fileRef = EF45B9C718FCC7CF00B4F955 /* icon01@2x.png */; };
		EF45B9CA18FCC7CF00B4F955 /* icon01.png in Resources */ = {isa = PBXBuildFile; fileRef = EF45B9C818FCC7CF00B4F955 /* icon01.png */; };
		EF45B9CD18FCC83B00B4F955 /* icon02.png in Resources */ = {isa = PBXBuildFile; fileRef = EF45B9CB18FCC83B00B4F955 /* icon02.png */; };
		EF45B9CE18FCC83B00B4F955 /* icon02@2x.png in Resources */ = {isa = PBXBuildFile; fileRef = EF45B9CC18FCC83B00B4F955 /* icon02@2x.png */; };
		EF45B9D118FCC91300B4F955 /* icon03.png in Resources */ = {isa = PBXBuildFile; fileRef = EF45B9CF18FCC91300B4F955 /* icon03.png */; };
		EF45B9D218FCC91300B4F955 /* icon03@2x.png in Resources */ = {isa = PBXBuildFile; fileRef = EF45B9D018FCC91300B4F955 /* icon03@2x.png */; };
		EF45B9D918FCCDD100B4F955 /* ViewController01.m in Sources */ = {isa = PBXBuildFile; fileRef = EF45B9D818FCCDD100B4F955 /* ViewController01.m */; };
		EF45B9DC18FCCDE400B4F955 /* ViewController02.m in Sources */ = {isa = PBXBuildFile; fileRef = EF45B9DB18FCCDE400B4F955 /* ViewController02.m */; };
		EF45B9DF18FCCDF500B4F955 /* ViewController03.m in Sources */ = {isa = PBXBuildFile; fileRef = EF45B9DE18FCCDF500B4F955 /* ViewController03.m */; };
		EF45B9E318FCD10300B4F955 /* Image00.png in Resources */ = {isa = PBXBuildFile; fileRef = EF45B9E018FCD10300B4F955 /* Image00.png */; };
		EF45B9E418FCD10300B4F955 /* Image02.png in Resources */ = {isa = PBXBuildFile; fileRef = EF45B9E118FCD10300B4F955 /* Image02.png */; };
		EF45B9E518FCD10300B4F955 /* Image01.png in Resources */ = {isa = PBXBuildFile; fileRef = EF45B9E218FCD10300B4F955 /* Image01.png */; };
		EF45B9E818FCF5EC00B4F955 /* ImageEffect.m in Sources */ = {isa = PBXBuildFile; fileRef = EF45B9E718FCF5EC00B4F955 /* ImageEffect.m */; };
		EF45B9EA18FCFBD800B4F955 /* Test.storyboard in Resources */ = {isa = PBXBuildFile; fileRef = EF45B9E918FCFBD800B4F955 /* Test.storyboard */; };
/* End PBXBuildFile section */

/* Begin PBXContainerItemProxy section */
		EF45B9B518FCBF0000B4F955 /* PBXContainerItemProxy */ = {
			isa = PBXContainerItemProxy;
			containerPortal = EF45B98718FCBF0000B4F955 /* Project object */;
			proxyType = 1;
			remoteGlobalIDString = EF45B98E18FCBF0000B4F955;
			remoteInfo = Tab;
		};
/* End PBXContainerItemProxy section */

/* Begin PBXFileReference section */
		EF45B98F18FCBF0000B4F955 /* Tab.app */ = {isa = PBXFileReference; explicitFileType = wrapper.application; includeInIndex = 0; path = Tab.app; sourceTree = BUILT_PRODUCTS_DIR; };
		EF45B99218FCBF0000B4F955 /* Foundation.framework */ = {isa = PBXFileReference; lastKnownFileType = wrapper.framework; name = Foundation.framework; path = System/Library/Frameworks/Foundation.framework; sourceTree = SDKROOT; };
		EF45B99418FCBF0000B4F955 /* CoreGraphics.framework */ = {isa = PBXFileReference; lastKnownFileType = wrapper.framework; name = CoreGraphics.framework; path = System/Library/Frameworks/CoreGraphics.framework; sourceTree = SDKROOT; };
		EF45B99618FCBF0000B4F955 /* UIKit.framework */ = {isa = PBXFileReference; lastKnownFileType = wrapper.framework; name = UIKit.framework; path = System/Library/Frameworks/UIKit.framework; sourceTree = SDKROOT; };
		EF45B99A18FCBF0000B4F955 /* Tab-Info.plist */ = {isa = PBXFileReference; lastKnownFileType = text.plist.xml; path = "Tab-Info.plist"; sourceTree = "<group>"; };
		EF45B99C18FCBF0000B4F955 /* en */ = {isa = PBXFileReference; lastKnownFileType = text.plist.strings; name = en; path = en.lproj/InfoPlist.strings; sourceTree = "<group>"; };
		EF45B99E18FCBF0000B4F955 /* main.m */ = {isa = PBXFileReference; lastKnownFileType = sourcecode.c.objc; path = main.m; sourceTree = "<group>"; };
		EF45B9A018FCBF0000B4F955 /* Tab-Prefix.pch */ = {isa = PBXFileReference; lastKnownFileType = sourcecode.c.h; path = "Tab-Prefix.pch"; sourceTree = "<group>"; };
		EF45B9A118FCBF0000B4F955 /* AppDelegate.h */ = {isa = PBXFileReference; lastKnownFileType = sourcecode.c.h; path = AppDelegate.h; sourceTree = "<group>"; };
		EF45B9A218FCBF0000B4F955 /* AppDelegate.m */ = {isa = PBXFileReference; lastKnownFileType = sourcecode.c.objc; path = AppDelegate.m; sourceTree = "<group>"; };
		EF45B9A518FCBF0000B4F955 /* Base */ = {isa = PBXFileReference; lastKnownFileType = file.storyboard; name = Base; path = Base.lproj/Main.storyboard; sourceTree = "<group>"; };
		EF45B9AA18FCBF0000B4F955 /* Images.xcassets */ = {isa = PBXFileReference; lastKnownFileType = folder.assetcatalog; path = Images.xcassets; sourceTree = "<group>"; };
		EF45B9B018FCBF0000B4F955 /* TabTests.xctest */ = {isa = PBXFileReference; explicitFileType = wrapper.cfbundle; includeInIndex = 0; path = TabTests.xctest; sourceTree = BUILT_PRODUCTS_DIR; };
		EF45B9B118FCBF0000B4F955 /* XCTest.framework */ = {isa = PBXFileReference; lastKnownFileType = wrapper.framework; name = XCTest.framework; path = Library/Frameworks/XCTest.framework; sourceTree = DEVELOPER_DIR; };
		EF45B9B918FCBF0000B4F955 /* TabTests-Info.plist */ = {isa = PBXFileReference; lastKnownFileType = text.plist.xml; path = "TabTests-Info.plist"; sourceTree = "<group>"; };
		EF45B9BB18FCBF0000B4F955 /* en */ = {isa = PBXFileReference; lastKnownFileType = text.plist.strings; name = en; path = en.lproj/InfoPlist.strings; sourceTree = "<group>"; };
		EF45B9BD18FCBF0000B4F955 /* TabTests.m */ = {isa = PBXFileReference; lastKnownFileType = sourcecode.c.objc; path = TabTests.m; sourceTree = "<group>"; };
		EF45B9C718FCC7CF00B4F955 /* icon01@2x.png */ = {isa = PBXFileReference; lastKnownFileType = image.png; path = "icon01@2x.png"; sourceTree = "<group>"; };
		EF45B9C818FCC7CF00B4F955 /* icon01.png */ = {isa = PBXFileReference; lastKnownFileType = image.png; path = icon01.png; sourceTree = "<group>"; };
		EF45B9CB18FCC83B00B4F955 /* icon02.png */ = {isa = PBXFileReference; lastKnownFileType = image.png; path = icon02.png; sourceTree = "<group>"; };
		EF45B9CC18FCC83B00B4F955 /* icon02@2x.png */ = {isa = PBXFileReference; lastKnownFileType = image.png; path = "icon02@2x.png"; sourceTree = "<group>"; };
		EF45B9CF18FCC91300B4F955 /* icon03.png */ = {isa = PBXFileReference; lastKnownFileType = image.png; path = icon03.png; sourceTree = "<group>"; };
		EF45B9D018FCC91300B4F955 /* icon03@2x.png */ = {isa = PBXFileReference; lastKnownFileType = image.png; path = "icon03@2x.png"; sourceTree = "<group>"; };
		EF45B9D718FCCDD100B4F955 /* ViewController01.h */ = {isa = PBXFileReference; fileEncoding = 4; lastKnownFileType = sourcecode.c.h; path = ViewController01.h; sourceTree = "<group>"; };
		EF45B9D818FCCDD100B4F955 /* ViewController01.m */ = {isa = PBXFileReference; fileEncoding = 4; lastKnownFileType = sourcecode.c.objc; path = ViewController01.m; sourceTree = "<group>"; };
		EF45B9DA18FCCDE400B4F955 /* ViewController02.h */ = {isa = PBXFileReference; fileEncoding = 4; lastKnownFileType = sourcecode.c.h; path = ViewController02.h; sourceTree = "<group>"; };
		EF45B9DB18FCCDE400B4F955 /* ViewController02.m */ = {isa = PBXFileReference; fileEncoding = 4; lastKnownFileType = sourcecode.c.objc; path = ViewController02.m; sourceTree = "<group>"; };
		EF45B9DD18FCCDF500B4F955 /* ViewController03.h */ = {isa = PBXFileReference; fileEncoding = 4; lastKnownFileType = sourcecode.c.h; path = ViewController03.h; sourceTree = "<group>"; };
		EF45B9DE18FCCDF500B4F955 /* ViewController03.m */ = {isa = PBXFileReference; fileEncoding = 4; lastKnownFileType = sourcecode.c.objc; path = ViewController03.m; sourceTree = "<group>"; };
		EF45B9E018FCD10300B4F955 /* Image00.png */ = {isa = PBXFileReference; lastKnownFileType = image.png; path = Image00.png; sourceTree = "<group>"; };
		EF45B9E118FCD10300B4F955 /* Image02.png */ = {isa = PBXFileReference; lastKnownFileType = image.png; path = Image02.png; sourceTree = "<group>"; };
		EF45B9E218FCD10300B4F955 /* Image01.png */ = {isa = PBXFileReference; lastKnownFileType = image.png; path = Image01.png; sourceTree = "<group>"; };
		EF45B9E618FCF5EC00B4F955 /* ImageEffect.h */ = {isa = PBXFileReference; fileEncoding = 4; lastKnownFileType = sourcecode.c.h; path = ImageEffect.h; sourceTree = "<group>"; };
		EF45B9E718FCF5EC00B4F955 /* ImageEffect.m */ = {isa = PBXFileReference; fileEncoding = 4; lastKnownFileType = sourcecode.c.objc; path = ImageEffect.m; sourceTree = "<group>"; };
		EF45B9E918FCFBD800B4F955 /* Test.storyboard */ = {isa = PBXFileReference; fileEncoding = 4; lastKnownFileType = file.storyboard; path = Test.storyboard; sourceTree = "<group>"; };
/* End PBXFileReference section */

/* Begin PBXFrameworksBuildPhase section */
		EF45B98C18FCBF0000B4F955 /* Frameworks */ = {
			isa = PBXFrameworksBuildPhase;
			buildActionMask = 2147483647;
			files = (
				EF45B99518FCBF0000B4F955 /* CoreGraphics.framework in Frameworks */,
				EF45B99718FCBF0000B4F955 /* UIKit.framework in Frameworks */,
				EF45B99318FCBF0000B4F955 /* Foundation.framework in Frameworks */,
			);
			runOnlyForDeploymentPostprocessing = 0;
		};
		EF45B9AD18FCBF0000B4F955 /* Frameworks */ = {
			isa = PBXFrameworksBuildPhase;
			buildActionMask = 2147483647;
			files = (
				EF45B9B218FCBF0000B4F955 /* XCTest.framework in Frameworks */,
				EF45B9B418FCBF0000B4F955 /* UIKit.framework in Frameworks */,
				EF45B9B318FCBF0000B4F955 /* Foundation.framework in Frameworks */,
			);
			runOnlyForDeploymentPostprocessing = 0;
		};
/* End PBXFrameworksBuildPhase section */

/* Begin PBXGroup section */
		EF45B98618FCBF0000B4F955 = {
			isa = PBXGroup;
			children = (
				EF45B99818FCBF0000B4F955 /* Tab */,
				EF45B9B718FCBF0000B4F955 /* TabTests */,
				EF45B99118FCBF0000B4F955 /* Frameworks */,
				EF45B99018FCBF0000B4F955 /* Products */,
			);
			sourceTree = "<group>";
		};
		EF45B99018FCBF0000B4F955 /* Products */ = {
			isa = PBXGroup;
			children = (
				EF45B98F18FCBF0000B4F955 /* Tab.app */,
				EF45B9B018FCBF0000B4F955 /* TabTests.xctest */,
			);
			name = Products;
			sourceTree = "<group>";
		};
		EF45B99118FCBF0000B4F955 /* Frameworks */ = {
			isa = PBXGroup;
			children = (
				EF45B99218FCBF0000B4F955 /* Foundation.framework */,
				EF45B99418FCBF0000B4F955 /* CoreGraphics.framework */,
				EF45B99618FCBF0000B4F955 /* UIKit.framework */,
				EF45B9B118FCBF0000B4F955 /* XCTest.framework */,
			);
			name = Frameworks;
			sourceTree = "<group>";
		};
		EF45B99818FCBF0000B4F955 /* Tab */ = {
			isa = PBXGroup;
			children = (
				EF45B9A118FCBF0000B4F955 /* AppDelegate.h */,
				EF45B9A218FCBF0000B4F955 /* AppDelegate.m */,
				EF45B9D718FCCDD100B4F955 /* ViewController01.h */,
				EF45B9D818FCCDD100B4F955 /* ViewController01.m */,
				EF45B9DA18FCCDE400B4F955 /* ViewController02.h */,
				EF45B9DB18FCCDE400B4F955 /* ViewController02.m */,
				EF45B9DD18FCCDF500B4F955 /* ViewController03.h */,
				EF45B9DE18FCCDF500B4F955 /* ViewController03.m */,
				EF45B9E618FCF5EC00B4F955 /* ImageEffect.h */,
				EF45B9E718FCF5EC00B4F955 /* ImageEffect.m */,
				EF45B9A418FCBF0000B4F955 /* Main.storyboard */,
				EF45B9E918FCFBD800B4F955 /* Test.storyboard */,
				EF45B9AA18FCBF0000B4F955 /* Images.xcassets */,
				EF45B99918FCBF0000B4F955 /* Supporting Files */,
			);
			path = Tab;
			sourceTree = "<group>";
		};
		EF45B99918FCBF0000B4F955 /* Supporting Files */ = {
			isa = PBXGroup;
			children = (
				EF45B9E018FCD10300B4F955 /* Image00.png */,
				EF45B9E218FCD10300B4F955 /* Image01.png */,
				EF45B9E118FCD10300B4F955 /* Image02.png */,
				EF45B9C818FCC7CF00B4F955 /* icon01.png */,
				EF45B9C718FCC7CF00B4F955 /* icon01@2x.png */,
				EF45B9CB18FCC83B00B4F955 /* icon02.png */,
				EF45B9CC18FCC83B00B4F955 /* icon02@2x.png */,
				EF45B9CF18FCC91300B4F955 /* icon03.png */,
				EF45B9D018FCC91300B4F955 /* icon03@2x.png */,
				EF45B99A18FCBF0000B4F955 /* Tab-Info.plist */,
				EF45B99B18FCBF0000B4F955 /* InfoPlist.strings */,
				EF45B99E18FCBF0000B4F955 /* main.m */,
				EF45B9A018FCBF0000B4F955 /* Tab-Prefix.pch */,
			);
			name = "Supporting Files";
			sourceTree = "<group>";
		};
		EF45B9B718FCBF0000B4F955 /* TabTests */ = {
			isa = PBXGroup;
			children = (
				EF45B9BD18FCBF0000B4F955 /* TabTests.m */,
				EF45B9B818FCBF0000B4F955 /* Supporting Files */,
			);
			path = TabTests;
			sourceTree = "<group>";
		};
		EF45B9B818FCBF0000B4F955 /* Supporting Files */ = {
			isa = PBXGroup;
			children = (
				EF45B9B918FCBF0000B4F955 /* TabTests-Info.plist */,
				EF45B9BA18FCBF0000B4F955 /* InfoPlist.strings */,
			);
			name = "Supporting Files";
			sourceTree = "<group>";
		};
/* End PBXGroup section */

/* Begin PBXNativeTarget section */
		EF45B98E18FCBF0000B4F955 /* Tab */ = {
			isa = PBXNativeTarget;
			buildConfigurationList = EF45B9C118FCBF0000B4F955 /* Build configuration list for PBXNativeTarget "Tab" */;
			buildPhases = (
				EF45B98B18FCBF0000B4F955 /* Sources */,
				EF45B98C18FCBF0000B4F955 /* Frameworks */,
				EF45B98D18FCBF0000B4F955 /* Resources */,
			);
			buildRules = (
			);
			dependencies = (
			);
			name = Tab;
			productName = Tab;
			productReference = EF45B98F18FCBF0000B4F955 /* Tab.app */;
			productType = "com.apple.product-type.application";
		};
		EF45B9AF18FCBF0000B4F955 /* TabTests */ = {
			isa = PBXNativeTarget;
			buildConfigurationList = EF45B9C418FCBF0000B4F955 /* Build configuration list for PBXNativeTarget "TabTests" */;
			buildPhases = (
				EF45B9AC18FCBF0000B4F955 /* Sources */,
				EF45B9AD18FCBF0000B4F955 /* Frameworks */,
				EF45B9AE18FCBF0000B4F955 /* Resources */,
			);
			buildRules = (
			);
			dependencies = (
				EF45B9B618FCBF0000B4F955 /* PBXTargetDependency */,
			);
			name = TabTests;
			productName = TabTests;
			productReference = EF45B9B018FCBF0000B4F955 /* TabTests.xctest */;
			productType = "com.apple.product-type.bundle.unit-test";
		};
/* End PBXNativeTarget section */

/* Begin PBXProject section */
		EF45B98718FCBF0000B4F955 /* Project object */ = {
			isa = PBXProject;
			attributes = {
				LastUpgradeCheck = 0510;
				ORGANIZATIONNAME = "MAEDA HAJIME";
				TargetAttributes = {
					EF45B98E18FCBF0000B4F955 = {
						DevelopmentTeam = 8LGB2FDS7G;
					};
					EF45B9AF18FCBF0000B4F955 = {
						TestTargetID = EF45B98E18FCBF0000B4F955;
					};
				};
			};
			buildConfigurationList = EF45B98A18FCBF0000B4F955 /* Build configuration list for PBXProject "Tab" */;
			compatibilityVersion = "Xcode 3.2";
			developmentRegion = English;
			hasScannedForEncodings = 0;
			knownRegions = (
				en,
				Base,
			);
			mainGroup = EF45B98618FCBF0000B4F955;
			productRefGroup = EF45B99018FCBF0000B4F955 /* Products */;
			projectDirPath = "";
			projectRoot = "";
			targets = (
				EF45B98E18FCBF0000B4F955 /* Tab */,
				EF45B9AF18FCBF0000B4F955 /* TabTests */,
			);
		};
/* End PBXProject section */

/* Begin PBXResourcesBuildPhase section */
		EF45B98D18FCBF0000B4F955 /* Resources */ = {
			isa = PBXResourcesBuildPhase;
			buildActionMask = 2147483647;
			files = (
				EF45B9C918FCC7CF00B4F955 /* icon01@2x.png in Resources */,
				EF45B9E418FCD10300B4F955 /* Image02.png in Resources */,
				EF45B9AB18FCBF0000B4F955 /* Images.xcassets in Resources */,
				EF45B9D118FCC91300B4F955 /* icon03.png in Resources */,
				EF45B9E318FCD10300B4F955 /* Image00.png in Resources */,
				EF45B9D218FCC91300B4F955 /* icon03@2x.png in Resources */,
				EF45B9E518FCD10300B4F955 /* Image01.png in Resources */,
				EF45B99D18FCBF0000B4F955 /* InfoPlist.strings in Resources */,
				EF45B9EA18FCFBD800B4F955 /* Test.storyboard in Resources */,
				EF45B9A618FCBF0000B4F955 /* Main.storyboard in Resources */,
				EF45B9CD18FCC83B00B4F955 /* icon02.png in Resources */,
				EF45B9CA18FCC7CF00B4F955 /* icon01.png in Resources */,
				EF45B9CE18FCC83B00B4F955 /* icon02@2x.png in Resources */,
			);
			runOnlyForDeploymentPostprocessing = 0;
		};
		EF45B9AE18FCBF0000B4F955 /* Resources */ = {
			isa = PBXResourcesBuildPhase;
			buildActionMask = 2147483647;
			files = (
				EF45B9BC18FCBF0000B4F955 /* InfoPlist.strings in Resources */,
			);
			runOnlyForDeploymentPostprocessing = 0;
		};
/* End PBXResourcesBuildPhase section */

/* Begin PBXSourcesBuildPhase section */
		EF45B98B18FCBF0000B4F955 /* Sources */ = {
			isa = PBXSourcesBuildPhase;
			buildActionMask = 2147483647;
			files = (
				EF45B9DC18FCCDE400B4F955 /* ViewController02.m in Sources */,
				EF45B9D918FCCDD100B4F955 /* ViewController01.m in Sources */,
				EF45B9E818FCF5EC00B4F955 /* ImageEffect.m in Sources */,
				EF45B9A318FCBF0000B4F955 /* AppDelegate.m in Sources */,
				EF45B99F18FCBF0000B4F955 /* main.m in Sources */,
				EF45B9DF18FCCDF500B4F955 /* ViewController03.m in Sources */,
			);
			runOnlyForDeploymentPostprocessing = 0;
		};
		EF45B9AC18FCBF0000B4F955 /* Sources */ = {
			isa = PBXSourcesBuildPhase;
			buildActionMask = 2147483647;
			files = (
				EF45B9BE18FCBF0000B4F955 /* TabTests.m in Sources */,
			);
			runOnlyForDeploymentPostprocessing = 0;
		};
/* End PBXSourcesBuildPhase section */

/* Begin PBXTargetDependency section */
		EF45B9B618FCBF0000B4F955 /* PBXTargetDependency */ = {
			isa = PBXTargetDependency;
			target = EF45B98E18FCBF0000B4F955 /* Tab */;
			targetProxy = EF45B9B518FCBF0000B4F955 /* PBXContainerItemProxy */;
		};
/* End PBXTargetDependency section */

/* Begin PBXVariantGroup section */
		EF45B99B18FCBF0000B4F955 /* InfoPlist.strings */ = {
			isa = PBXVariantGroup;
			children = (
				EF45B99C18FCBF0000B4F955 /* en */,
			);
			name = InfoPlist.strings;
			sourceTree = "<group>";
		};
		EF45B9A418FCBF0000B4F955 /* Main.storyboard */ = {
			isa = PBXVariantGroup;
			children = (
				EF45B9A518FCBF0000B4F955 /* Base */,
			);
			name = Main.storyboard;
			sourceTree = "<group>";
		};
		EF45B9BA18FCBF0000B4F955 /* InfoPlist.strings */ = {
			isa = PBXVariantGroup;
			children = (
				EF45B9BB18FCBF0000B4F955 /* en */,
			);
			name = InfoPlist.strings;
			sourceTree = "<group>";
		};
/* End PBXVariantGroup section */

/* Begin XCBuildConfiguration section */
		EF45B9BF18FCBF0000B4F955 /* Debug */ = {
			isa = XCBuildConfiguration;
			buildSettings = {
				ALWAYS_SEARCH_USER_PATHS = NO;
				CLANG_CXX_LANGUAGE_STANDARD = "gnu++0x";
				CLANG_CXX_LIBRARY = "libc++";
				CLANG_ENABLE_MODULES = YES;
				CLANG_ENABLE_OBJC_ARC = YES;
				CLANG_WARN_BOOL_CONVERSION = YES;
				CLANG_WARN_CONSTANT_CONVERSION = YES;
				CLANG_WARN_DIRECT_OBJC_ISA_USAGE = YES_ERROR;
				CLANG_WARN_EMPTY_BODY = YES;
				CLANG_WARN_ENUM_CONVERSION = YES;
				CLANG_WARN_INT_CONVERSION = YES;
				CLANG_WARN_OBJC_ROOT_CLASS = YES_ERROR;
				CLANG_WARN__DUPLICATE_METHOD_MATCH = YES;
				"CODE_SIGN_IDENTITY[sdk=iphoneos*]" = "iPhone Developer";
				COPY_PHASE_STRIP = NO;
				GCC_C_LANGUAGE_STANDARD = gnu99;
				GCC_DYNAMIC_NO_PIC = NO;
				GCC_OPTIMIZATION_LEVEL = 0;
				GCC_PREPROCESSOR_DEFINITIONS = (
					"DEBUG=1",
					"$(inherited)",
				);
				GCC_SYMBOLS_PRIVATE_EXTERN = NO;
				GCC_WARN_64_TO_32_BIT_CONVERSION = YES;
				GCC_WARN_ABOUT_RETURN_TYPE = YES_ERROR;
				GCC_WARN_UNDECLARED_SELECTOR = YES;
				GCC_WARN_UNINITIALIZED_AUTOS = YES_AGGRESSIVE;
				GCC_WARN_UNUSED_FUNCTION = YES;
				GCC_WARN_UNUSED_VARIABLE = YES;
				IPHONEOS_DEPLOYMENT_TARGET = 7.1;
				ONLY_ACTIVE_ARCH = YES;
				SDKROOT = iphoneos;
			};
			name = Debug;
		};
		EF45B9C018FCBF0000B4F955 /* Release */ = {
			isa = XCBuildConfiguration;
			buildSettings = {
				ALWAYS_SEARCH_USER_PATHS = NO;
				CLANG_CXX_LANGUAGE_STANDARD = "gnu++0x";
				CLANG_CXX_LIBRARY = "libc++";
				CLANG_ENABLE_MODULES = YES;
				CLANG_ENABLE_OBJC_ARC = YES;
				CLANG_WARN_BOOL_CONVERSION = YES;
				CLANG_WARN_CONSTANT_CONVERSION = YES;
				CLANG_WARN_DIRECT_OBJC_ISA_USAGE = YES_ERROR;
				CLANG_WARN_EMPTY_BODY = YES;
				CLANG_WARN_ENUM_CONVERSION = YES;
				CLANG_WARN_INT_CONVERSION = YES;
				CLANG_WARN_OBJC_ROOT_CLASS = YES_ERROR;
				CLANG_WARN__DUPLICATE_METHOD_MATCH = YES;
				"CODE_SIGN_IDENTITY[sdk=iphoneos*]" = "iPhone Developer";
				COPY_PHASE_STRIP = YES;
				ENABLE_NS_ASSERTIONS = NO;
				GCC_C_LANGUAGE_STANDARD = gnu99;
				GCC_WARN_64_TO_32_BIT_CONVERSION = YES;
				GCC_WARN_ABOUT_RETURN_TYPE = YES_ERROR;
				GCC_WARN_UNDECLARED_SELECTOR = YES;
				GCC_WARN_UNINITIALIZED_AUTOS = YES_AGGRESSIVE;
				GCC_WARN_UNUSED_FUNCTION = YES;
				GCC_WARN_UNUSED_VARIABLE = YES;
				IPHONEOS_DEPLOYMENT_TARGET = 7.1;
				SDKROOT = iphoneos;
				VALIDATE_PRODUCT = YES;
			};
			name = Release;
		};
		EF45B9C218FCBF0000B4F955 /* Debug */ = {
			isa = XCBuildConfiguration;
			buildSettings = {
				ASSETCATALOG_COMPILER_APPICON_NAME = AppIcon;
				ASSETCATALOG_COMPILER_LAUNCHIMAGE_NAME = LaunchImage;
				CODE_SIGN_IDENTITY = "iPhone Developer";
				"CODE_SIGN_IDENTITY[sdk=iphoneos*]" = "iPhone Developer";
				GCC_PRECOMPILE_PREFIX_HEADER = YES;
				GCC_PREFIX_HEADER = "Tab/Tab-Prefix.pch";
				INFOPLIST_FILE = "Tab/Tab-Info.plist";
				PRODUCT_NAME = "$(TARGET_NAME)";
				PROVISIONING_PROFILE = "";
				WRAPPER_EXTENSION = app;
			};
			name = Debug;
		};
		EF45B9C318FCBF0000B4F955 /* Release */ = {
			isa = XCBuildConfiguration;
			buildSettings = {
				ASSETCATALOG_COMPILER_APPICON_NAME = AppIcon;
				ASSETCATALOG_COMPILER_LAUNCHIMAGE_NAME = LaunchImage;
				CODE_SIGN_IDENTITY = "iPhone Developer";
				"CODE_SIGN_IDENTITY[sdk=iphoneos*]" = "iPhone Developer";
				GCC_PRECOMPILE_PREFIX_HEADER = YES;
				GCC_PREFIX_HEADER = "Tab/Tab-Prefix.pch";
				INFOPLIST_FILE = "Tab/Tab-Info.plist";
				PRODUCT_NAME = "$(TARGET_NAME)";
				PROVISIONING_PROFILE = "";
				WRAPPER_EXTENSION = app;
			};
			name = Release;
		};
		EF45B9C518FCBF0000B4F955 /* Debug */ = {
			isa = XCBuildConfiguration;
			buildSettings = {
				BUNDLE_LOADER = "$(BUILT_PRODUCTS_DIR)/Tab.app/Tab";
				FRAMEWORK_SEARCH_PATHS = (
					"$(SDKROOT)/Developer/Library/Frameworks",
					"$(inherited)",
					"$(DEVELOPER_FRAMEWORKS_DIR)",
				);
				GCC_PRECOMPILE_PREFIX_HEADER = YES;
				GCC_PREFIX_HEADER = "Tab/Tab-Prefix.pch";
				GCC_PREPROCESSOR_DEFINITIONS = (
					"DEBUG=1",
					"$(inherited)",
				);
				INFOPLIST_FILE = "TabTests/TabTests-Info.plist";
				PRODUCT_NAME = "$(TARGET_NAME)";
				TEST_HOST = "$(BUNDLE_LOADER)";
				WRAPPER_EXTENSION = xctest;
			};
			name = Debug;
		};
		EF45B9C618FCBF0000B4F955 /* Release */ = {
			isa = XCBuildConfiguration;
			buildSettings = {
				BUNDLE_LOADER = "$(BUILT_PRODUCTS_DIR)/Tab.app/Tab";
				FRAMEWORK_SEARCH_PATHS = (
					"$(SDKROOT)/Developer/Library/Frameworks",
					"$(inherited)",
					"$(DEVELOPER_FRAMEWORKS_DIR)",
				);
				GCC_PRECOMPILE_PREFIX_HEADER = YES;
				GCC_PREFIX_HEADER = "Tab/Tab-Prefix.pch";
				INFOPLIST_FILE = "TabTests/TabTests-Info.plist";
				PRODUCT_NAME = "$(TARGET_NAME)";
				TEST_HOST = "$(BUNDLE_LOADER)";
				WRAPPER_EXTENSION = xctest;
			};
			name = Release;
		};
/* End XCBuildConfiguration section */

/* Begin XCConfigurationList section */
		EF45B98A18FCBF0000B4F955 /* Build configuration list for PBXProject "Tab" */ = {
			isa = XCConfigurationList;
			buildConfigurations = (
				EF45B9BF18FCBF0000B4F955 /* Debug */,
				EF45B9C018FCBF0000B4F955 /* Release */,
			);
			defaultConfigurationIsVisible = 0;
			defaultConfigurationName = Release;
		};
		EF45B9C118FCBF0000B4F955 /* Build configuration list for PBXNativeTarget "Tab" */ = {
			isa = XCConfigurationList;
			buildConfigurations = (
				EF45B9C218FCBF0000B4F955 /* Debug */,
				EF45B9C318FCBF0000B4F955 /* Release */,
			);
			defaultConfigurationIsVisible = 0;
			defaultConfigurationName = Release;
		};
		EF45B9C418FCBF0000B4F955 /* Build configuration list for PBXNativeTarget "TabTests" */ = {
			isa = XCConfigurationList;
			buildConfigurations = (
				EF45B9C518FCBF0000B4F955 /* Debug */,
				EF45B9C618FCBF0000B4F955 /* Release */,
			);
			defaultConfigurationIsVisible = 0;
			defaultConfigurationName = Release;
		};
/* End XCConfigurationList section */
	};
	rootObject = EF45B98718FCBF0000B4F955 /* Project object */;
}
